
Microsoft Visual Studio Solution File, Format Version 12.00
# Visual Studio 2013
VisualStudioVersion = 12.0.21005.1
MinimumVisualStudioVersion = 10.0.40219.1
Project("{FAE04EC0-301F-11D3-BF4B-00C04F79EFBC}") = "BaaSReponsitory", "BaaSReponsitory.csproj", "{0BC6A3DE-3AEC-4C3E-BBBA-44340F9407AE}"
EndProject
Project("{FAE04EC0-301F-11D3-BF4B-00C04F79EFBC}") = "BaaSReponsitory.WindowsPhone", "..\BaaSReponsitory.WindowsPhone\BaaSReponsitory.WindowsPhone.csproj", "{F2ED8C31-09B1-458B-B80E-93B3947A6A4C}"
EndProject
Project("{FAE04EC0-301F-11D3-BF4B-00C04F79EFBC}") = "BRDemo.WindowsPhone", "..\BRDemo.WindowsPhone\BRDemo.WindowsPhone.csproj", "{8F0E1CD0-5794-49D8-A08F-9094086123E8}"
EndProject
Project("{FAE04EC0-301F-11D3-BF4B-00C04F79EFBC}") = "SampleDemo", "..\SampleDemo\SampleDemo.csproj", "{423D4AA0-A6C8-4FA9-B2CE-692C96453E5C}"
EndProject
Project("{2150E333-8FDC-42A3-9474-1A3956D46DE8}") = ".nuget", ".nuget", "{E64D8A61-580B-41DD-876D-0A066E587CEE}"
	ProjectSection(SolutionItems) = preProject
		.nuget\NuGet.Config = .nuget\NuGet.Config
		.nuget\NuGet.exe = .nuget\NuGet.exe
		.nuget\NuGet.targets = .nuget\NuGet.targets
	EndProjectSection
EndProject
Global
	GlobalSection(SolutionConfigurationPlatforms) = preSolution
		Debug|Any CPU = Debug|Any CPU
		Debug|ARM = Debug|ARM
		Debug|x86 = Debug|x86
		Release|Any CPU = Release|Any CPU
		Release|ARM = Release|ARM
		Release|x86 = Release|x86
	EndGlobalSection
	GlobalSection(ProjectConfigurationPlatforms) = postSolution
		{0BC6A3DE-3AEC-4C3E-BBBA-44340F9407AE}.Debug|Any CPU.ActiveCfg = Debug|Any CPU
		{0BC6A3DE-3AEC-4C3E-BBBA-44340F9407AE}.Debug|Any CPU.Build.0 = Debug|Any CPU
		{0BC6A3DE-3AEC-4C3E-BBBA-44340F9407AE}.Debug|ARM.ActiveCfg = Debug|Any CPU
		{0BC6A3DE-3AEC-4C3E-BBBA-44340F9407AE}.Debug|x86.ActiveCfg = Debug|Any CPU
		{0BC6A3DE-3AEC-4C3E-BBBA-44340F9407AE}.Release|Any CPU.ActiveCfg = Release|Any CPU
		{0BC6A3DE-3AEC-4C3E-BBBA-44340F9407AE}.Release|Any CPU.Build.0 = Release|Any CPU
		{0BC6A3DE-3AEC-4C3E-BBBA-44340F9407AE}.Release|ARM.ActiveCfg = Release|Any CPU
		{0BC6A3DE-3AEC-4C3E-BBBA-44340F9407AE}.Release|x86.ActiveCfg = Release|Any CPU
		{F2ED8C31-09B1-458B-B80E-93B3947A6A4C}.Debug|Any CPU.ActiveCfg = Debug|Any CPU
		{F2ED8C31-09B1-458B-B80E-93B3947A6A4C}.Debug|Any CPU.Build.0 = Debug|Any CPU
		{F2ED8C31-09B1-458B-B80E-93B3947A6A4C}.Debug|ARM.ActiveCfg = Debug|ARM
		{F2ED8C31-09B1-458B-B80E-93B3947A6A4C}.Debug|ARM.Build.0 = Debug|ARM
		{F2ED8C31-09B1-458B-B80E-93B3947A6A4C}.Debug|x86.ActiveCfg = Debug|x86
		{F2ED8C31-09B1-458B-B80E-93B3947A6A4C}.Debug|x86.Build.0 = Debug|x86
		{F2ED8C31-09B1-458B-B80E-93B3947A6A4C}.Release|Any CPU.ActiveCfg = Release|Any CPU
		{F2ED8C31-09B1-458B-B80E-93B3947A6A4C}.Release|Any CPU.Build.0 = Release|Any CPU
		{F2ED8C31-09B1-458B-B80E-93B3947A6A4C}.Release|ARM.ActiveCfg = Release|ARM
		{F2ED8C31-09B1-458B-B80E-93B3947A6A4C}.Release|ARM.Build.0 = Release|ARM
		{F2ED8C31-09B1-458B-B80E-93B3947A6A4C}.Release|x86.ActiveCfg = Release|x86
		{F2ED8C31-09B1-458B-B80E-93B3947A6A4C}.Release|x86.Build.0 = Release|x86
		{8F0E1CD0-5794-49D8-A08F-9094086123E8}.Debug|Any CPU.ActiveCfg = Debug|Any CPU
		{8F0E1CD0-5794-49D8-A08F-9094086123E8}.Debug|Any CPU.Build.0 = Debug|Any CPU
		{8F0E1CD0-5794-49D8-A08F-9094086123E8}.Debug|Any CPU.Deploy.0 = Debug|Any CPU
		{8F0E1CD0-5794-49D8-A08F-9094086123E8}.Debug|ARM.ActiveCfg = Debug|ARM
		{8F0E1CD0-5794-49D8-A08F-9094086123E8}.Debug|ARM.Build.0 = Debug|ARM
		{8F0E1CD0-5794-49D8-A08F-9094086123E8}.Debug|ARM.Deploy.0 = Debug|ARM
		{8F0E1CD0-5794-49D8-A08F-9094086123E8}.Debug|x86.ActiveCfg = Debug|x86
		{8F0E1CD0-5794-49D8-A08F-9094086123E8}.Debug|x86.Build.0 = Debug|x86
		{8F0E1CD0-5794-49D8-A08F-9094086123E8}.Debug|x86.Deploy.0 = Debug|x86
		{8F0E1CD0-5794-49D8-A08F-9094086123E8}.Release|Any CPU.ActiveCfg = Release|Any CPU
		{8F0E1CD0-5794-49D8-A08F-9094086123E8}.Release|Any CPU.Build.0 = Release|Any CPU
		{8F0E1CD0-5794-49D8-A08F-9094086123E8}.Release|Any CPU.Deploy.0 = Release|Any CPU
		{8F0E1CD0-5794-49D8-A08F-9094086123E8}.Release|ARM.ActiveCfg = Release|ARM
		{8F0E1CD0-5794-49D8-A08F-9094086123E8}.Release|ARM.Build.0 = Release|ARM
		{8F0E1CD0-5794-49D8-A08F-9094086123E8}.Release|ARM.Deploy.0 = Release|ARM
		{8F0E1CD0-5794-49D8-A08F-9094086123E8}.Release|x86.ActiveCfg = Release|x86
		{8F0E1CD0-5794-49D8-A08F-9094086123E8}.Release|x86.Build.0 = Release|x86
		{8F0E1CD0-5794-49D8-A08F-9094086123E8}.Release|x86.Deploy.0 = Release|x86
		{423D4AA0-A6C8-4FA9-B2CE-692C96453E5C}.Debug|Any CPU.ActiveCfg = Debug|Any CPU
		{423D4AA0-A6C8-4FA9-B2CE-692C96453E5C}.Debug|Any CPU.Build.0 = Debug|Any CPU
		{423D4AA0-A6C8-4FA9-B2CE-692C96453E5C}.Debug|ARM.ActiveCfg = Debug|Any CPU
		{423D4AA0-A6C8-4FA9-B2CE-692C96453E5C}.Debug|x86.ActiveCfg = Debug|Any CPU
		{423D4AA0-A6C8-4FA9-B2CE-692C96453E5C}.Release|Any CPU.ActiveCfg = Release|Any CPU
		{423D4AA0-A6C8-4FA9-B2CE-692C96453E5C}.Release|Any CPU.Build.0 = Release|Any CPU
		{423D4AA0-A6C8-4FA9-B2CE-692C96453E5C}.Release|ARM.ActiveCfg = Release|Any CPU
		{423D4AA0-A6C8-4FA9-B2CE-692C96453E5C}.Release|x86.ActiveCfg = Release|Any CPU
	EndGlobalSection
	GlobalSection(SolutionProperties) = preSolution
		HideSolutionNode = FALSE
	EndGlobalSection
EndGlobal
